
Microsoft Visual Studio Solution File, Format Version 10.00
# Visual Studio 2008
Project("{FAE04EC0-301F-11D3-BF4B-00C04F79EFBC}") = "ServerConfig", "ServerConfig\ServerConfig.csproj", "{12B6A091-4A88-4D91-B163-DBC3C7834824}"
EndProject
Global
	GlobalSection(SolutionConfigurationPlatforms) = preSolution
		Debug|Any CPU = Debug|Any CPU
		Release|Any CPU = Release|Any CPU
	EndGlobalSection
	GlobalSection(ProjectConfigurationPlatforms) = postSolution
		{12B6A091-4A88-4D91-B163-DBC3C7834824}.Debug|Any CPU.ActiveCfg = Debug|Any CPU
		{12B6A091-4A88-4D91-B163-DBC3C7834824}.Debug|Any CPU.Build.0 = Debug|Any CPU
		{12B6A091-4A88-4D91-B163-DBC3C7834824}.Release|Any CPU.ActiveCfg = Release|Any CPU
		{12B6A091-4A88-4D91-B163-DBC3C7834824}.Release|Any CPU.Build.0 = Release|Any CPU
	EndGlobalSection
	GlobalSection(SolutionProperties) = preSolution
		HideSolutionNode = FALSE
	EndGlobalSection
	GlobalSection(ExtensibilityGlobals) = postSolution
		VisualSVNWorkingCopyRoot = .
	EndGlobalSection
EndGlobal
