
Microsoft Visual Studio Solution File, Format Version 10.00
# Visual Studio 2008
Project("{FAE04EC0-301F-11D3-BF4B-00C04F79EFBC}") = "GUI", "WindowsFormsApplication4\GUI.csproj", "{EB9227ED-F72B-472E-A571-3F489F600594}"
EndProject
Project("{FAE04EC0-301F-11D3-BF4B-00C04F79EFBC}") = "DAO", "DAO\DAO.csproj", "{3D7CD939-72C1-47F7-AB9D-00DCBEECC80A}"
EndProject
Project("{FAE04EC0-301F-11D3-BF4B-00C04F79EFBC}") = "Services", "Services\Services.csproj", "{9FA0EFE1-AD8D-406B-B869-B489480D8D8B}"
EndProject
Project("{FAE04EC0-301F-11D3-BF4B-00C04F79EFBC}") = "POSReport", "POSReport\POSReport.csproj", "{D96C7C93-FF16-43A2-B161-48BF82FA89D8}"
EndProject
Global
	GlobalSection(SolutionConfigurationPlatforms) = preSolution
		Debug|Any CPU = Debug|Any CPU
		Release|Any CPU = Release|Any CPU
	EndGlobalSection
	GlobalSection(ProjectConfigurationPlatforms) = postSolution
		{EB9227ED-F72B-472E-A571-3F489F600594}.Debug|Any CPU.ActiveCfg = Debug|Any CPU
		{EB9227ED-F72B-472E-A571-3F489F600594}.Debug|Any CPU.Build.0 = Debug|Any CPU
		{EB9227ED-F72B-472E-A571-3F489F600594}.Release|Any CPU.ActiveCfg = Release|Any CPU
		{EB9227ED-F72B-472E-A571-3F489F600594}.Release|Any CPU.Build.0 = Release|Any CPU
		{3D7CD939-72C1-47F7-AB9D-00DCBEECC80A}.Debug|Any CPU.ActiveCfg = Debug|Any CPU
		{3D7CD939-72C1-47F7-AB9D-00DCBEECC80A}.Debug|Any CPU.Build.0 = Debug|Any CPU
		{3D7CD939-72C1-47F7-AB9D-00DCBEECC80A}.Release|Any CPU.ActiveCfg = Release|Any CPU
		{3D7CD939-72C1-47F7-AB9D-00DCBEECC80A}.Release|Any CPU.Build.0 = Release|Any CPU
		{9FA0EFE1-AD8D-406B-B869-B489480D8D8B}.Debug|Any CPU.ActiveCfg = Debug|Any CPU
		{9FA0EFE1-AD8D-406B-B869-B489480D8D8B}.Debug|Any CPU.Build.0 = Debug|Any CPU
		{9FA0EFE1-AD8D-406B-B869-B489480D8D8B}.Release|Any CPU.ActiveCfg = Release|Any CPU
		{9FA0EFE1-AD8D-406B-B869-B489480D8D8B}.Release|Any CPU.Build.0 = Release|Any CPU
		{D96C7C93-FF16-43A2-B161-48BF82FA89D8}.Debug|Any CPU.ActiveCfg = Debug|Any CPU
		{D96C7C93-FF16-43A2-B161-48BF82FA89D8}.Debug|Any CPU.Build.0 = Debug|Any CPU
		{D96C7C93-FF16-43A2-B161-48BF82FA89D8}.Release|Any CPU.ActiveCfg = Release|Any CPU
		{D96C7C93-FF16-43A2-B161-48BF82FA89D8}.Release|Any CPU.Build.0 = Release|Any CPU
	EndGlobalSection
	GlobalSection(SolutionProperties) = preSolution
		HideSolutionNode = FALSE
	EndGlobalSection
	GlobalSection(ExtensibilityGlobals) = postSolution
		VisualSVNWorkingCopyRoot = .
	EndGlobalSection
EndGlobal
